
Microsoft Visual Studio Solution File, Format Version 12.00
# Visual Studio Version 17
VisualStudioVersion = 17.10.35013.160
MinimumVisualStudioVersion = 10.0.40219.1
Project("{FAE04EC0-301F-11D3-BF4B-00C04F79EFBC}") = "CustomerRegistrationSystem", "CustomerRegistrationSystem\CustomerRegistrationSystem.csproj", "{C2A7AEDE-EF70-432B-B3FC-D0D1A2C7E736}"
EndProject
Global
	GlobalSection(SolutionConfigurationPlatforms) = preSolution
		Debug|Any CPU = Debug|Any CPU
		Release|Any CPU = Release|Any CPU
	EndGlobalSection
	GlobalSection(ProjectConfigurationPlatforms) = postSolution
		{C2A7AEDE-EF70-432B-B3FC-D0D1A2C7E736}.Debug|Any CPU.ActiveCfg = Debug|Any CPU
		{C2A7AEDE-EF70-432B-B3FC-D0D1A2C7E736}.Debug|Any CPU.Build.0 = Debug|Any CPU
		{C2A7AEDE-EF70-432B-B3FC-D0D1A2C7E736}.Release|Any CPU.ActiveCfg = Release|Any CPU
		{C2A7AEDE-EF70-432B-B3FC-D0D1A2C7E736}.Release|Any CPU.Build.0 = Release|Any CPU
	EndGlobalSection
	GlobalSection(SolutionProperties) = preSolution
		HideSolutionNode = FALSE
	EndGlobalSection
	GlobalSection(ExtensibilityGlobals) = postSolution
		SolutionGuid = {B68F85E0-2B8C-4DF4-9491-3A6C905D4D9C}
	EndGlobalSection
EndGlobal
